# Prisma Migrate lockfile v1

20200912115010-initialization
20201002193646-add-sended-and-reviewed-columns-in-accompaniment
20201002194615-rename-column
20201008135410-add-renewed-at-to-accompaniments
20201008140954-add-renewed-relationship-in-accompaniment
20201009145032-add-invoice-number-and-provider-code-in-accompaniment
20201209132331-add-importation-from-invoices
20210125180736-add-finish-to-schedule
20210125181345-add-finished-at-to-accompaniment